// !$*UTF8*$!
{
	archiveVersion = 1;
	classes = {
	};
	objectVersion = 46;
	objects = {

/* Begin PBXBuildFile section */
		A86B8BB51C53AFA10034A081 /* main.m in Sources */ = {isa = PBXBuildFile; fileRef = A86B8BB41C53AFA10034A081 /* main.m */; };
		A86B8BB81C53AFA10034A081 /* AppDelegate.m in Sources */ = {isa = PBXBuildFile; fileRef = A86B8BB71C53AFA10034A081 /* AppDelegate.m */; };
		A86B8BBB1C53AFA10034A081 /* ViewController.m in Sources */ = {isa = PBXBuildFile; fileRef = A86B8BBA1C53AFA10034A081 /* ViewController.m */; };
		A86B8BBE1C53AFA10034A081 /* Main.storyboard in Resources */ = {isa = PBXBuildFile; fileRef = A86B8BBC1C53AFA10034A081 /* Main.storyboard */; };
		A86B8BC01C53AFA20034A081 /* Assets.xcassets in Resources */ = {isa = PBXBuildFile; fileRef = A86B8BBF1C53AFA20034A081 /* Assets.xcassets */; };
		A86B8BC31C53AFA20034A081 /* LaunchScreen.storyboard in Resources */ = {isa = PBXBuildFile; fileRef = A86B8BC11C53AFA20034A081 /* LaunchScreen.storyboard */; };
		A86B8BCE1C53AFA20034A081 /* HMineralTests.m in Sources */ = {isa = PBXBuildFile; fileRef = A86B8BCD1C53AFA20034A081 /* HMineralTests.m */; };
		A86B8BD91C53AFA20034A081 /* HMineralUITests.m in Sources */ = {isa = PBXBuildFile; fileRef = A86B8BD81C53AFA20034A081 /* HMineralUITests.m */; };
		A86B8BEC1C53AFAF0034A081 /* Bolts.framework in Frameworks */ = {isa = PBXBuildFile; fileRef = A86B8BE61C53AFAF0034A081 /* Bolts.framework */; };
		A86B8BED1C53AFAF0034A081 /* Parse.framework in Frameworks */ = {isa = PBXBuildFile; fileRef = A86B8BE71C53AFAF0034A081 /* Parse.framework */; };
		A86B8BEE1C53AFAF0034A081 /* ParseFacebookUtils.framework in Frameworks */ = {isa = PBXBuildFile; fileRef = A86B8BE81C53AFAF0034A081 /* ParseFacebookUtils.framework */; };
		A86B8BEF1C53AFAF0034A081 /* ParseFacebookUtilsV4.framework in Frameworks */ = {isa = PBXBuildFile; fileRef = A86B8BE91C53AFAF0034A081 /* ParseFacebookUtilsV4.framework */; };
		A86B8BF01C53AFAF0034A081 /* ParseTwitterUtils.framework in Frameworks */ = {isa = PBXBuildFile; fileRef = A86B8BEA1C53AFAF0034A081 /* ParseTwitterUtils.framework */; };
		A86B8BF11C53AFAF0034A081 /* ParseUI.framework in Frameworks */ = {isa = PBXBuildFile; fileRef = A86B8BEB1C53AFAF0034A081 /* ParseUI.framework */; };
		A86B8BF31C53AFCA0034A081 /* AudioToolbox.framework in Frameworks */ = {isa = PBXBuildFile; fileRef = A86B8BF21C53AFCA0034A081 /* AudioToolbox.framework */; };
		A86B8BF51C53AFD70034A081 /* CFNetwork.framework in Frameworks */ = {isa = PBXBuildFile; fileRef = A86B8BF41C53AFD70034A081 /* CFNetwork.framework */; };
		A86B8BF71C53AFE10034A081 /* CoreGraphics.framework in Frameworks */ = {isa = PBXBuildFile; fileRef = A86B8BF61C53AFE10034A081 /* CoreGraphics.framework */; };
		A86B8BF91C53AFEB0034A081 /* CoreLocation.framework in Frameworks */ = {isa = PBXBuildFile; fileRef = A86B8BF81C53AFEB0034A081 /* CoreLocation.framework */; };
		A86B8BFB1C53AFF40034A081 /* QuartzCore.framework in Frameworks */ = {isa = PBXBuildFile; fileRef = A86B8BFA1C53AFF40034A081 /* QuartzCore.framework */; };
		A86B8BFD1C53AFFD0034A081 /* Security.framework in Frameworks */ = {isa = PBXBuildFile; fileRef = A86B8BFC1C53AFFD0034A081 /* Security.framework */; };
		A86B8BFF1C53B0070034A081 /* StoreKit.framework in Frameworks */ = {isa = PBXBuildFile; fileRef = A86B8BFE1C53B0070034A081 /* StoreKit.framework */; };
		A86B8C011C53B0100034A081 /* SystemConfiguration.framework in Frameworks */ = {isa = PBXBuildFile; fileRef = A86B8C001C53B0100034A081 /* SystemConfiguration.framework */; };
		A86B8C031C53B0180034A081 /* libz.tbd in Frameworks */ = {isa = PBXBuildFile; fileRef = A86B8C021C53B0180034A081 /* libz.tbd */; };
		A86B8C051C53B02B0034A081 /* libsqlite3.tbd in Frameworks */ = {isa = PBXBuildFile; fileRef = A86B8C041C53B02B0034A081 /* libsqlite3.tbd */; };
		A86B8C081C53B9360034A081 /* SecondViewController.m in Sources */ = {isa = PBXBuildFile; fileRef = A86B8C071C53B9360034A081 /* SecondViewController.m */; };
		A86B8C0B1C542AF30034A081 /* ThirdViewController.m in Sources */ = {isa = PBXBuildFile; fileRef = A86B8C0A1C542AF30034A081 /* ThirdViewController.m */; };
		A86B8C0E1C542F860034A081 /* FourthViewController.m in Sources */ = {isa = PBXBuildFile; fileRef = A86B8C0D1C542F860034A081 /* FourthViewController.m */; };
		A86B8C111C5434F90034A081 /* FifthViewController.m in Sources */ = {isa = PBXBuildFile; fileRef = A86B8C101C5434F90034A081 /* FifthViewController.m */; };
		A86B8C141C5437620034A081 /* SixthViewController.m in Sources */ = {isa = PBXBuildFile; fileRef = A86B8C131C5437620034A081 /* SixthViewController.m */; };
		A86B8C171C5438410034A081 /* SeventhViewController.m in Sources */ = {isa = PBXBuildFile; fileRef = A86B8C161C5438410034A081 /* SeventhViewController.m */; };
		A86B8C1A1C54392F0034A081 /* EighthViewController.m in Sources */ = {isa = PBXBuildFile; fileRef = A86B8C191C54392F0034A081 /* EighthViewController.m */; };
		A86B8C1D1C543CE10034A081 /* NinthViewController.m in Sources */ = {isa = PBXBuildFile; fileRef = A86B8C1C1C543CE10034A081 /* NinthViewController.m */; };
		A887F24C1C594FB5000FD008 /* MessageUI.framework in Frameworks */ = {isa = PBXBuildFile; fileRef = A887F24B1C594FB5000FD008 /* MessageUI.framework */; };
		A8B820211C674E010031C0C1 /* hmt.png in Resources */ = {isa = PBXBuildFile; fileRef = A8B8201B1C674E010031C0C1 /* hmt.png */; };
		A8B820221C674E010031C0C1 /* minerology.gif in Resources */ = {isa = PBXBuildFile; fileRef = A8B8201C1C674E010031C0C1 /* minerology.gif */; };
		A8B820231C674E010031C0C1 /* mmo.jpg in Resources */ = {isa = PBXBuildFile; fileRef = A8B8201D1C674E010031C0C1 /* mmo.jpg */; };
		A8B820241C674E010031C0C1 /* mta.jpg in Resources */ = {isa = PBXBuildFile; fileRef = A8B8201E1C674E010031C0C1 /* mta.jpg */; };
		A8B820251C674E010031C0C1 /* onemine.jpg in Resources */ = {isa = PBXBuildFile; fileRef = A8B8201F1C674E010031C0C1 /* onemine.jpg */; };
		A8B820261C674E010031C0C1 /* sme.png in Resources */ = {isa = PBXBuildFile; fileRef = A8B820201C674E010031C0C1 /* sme.png */; };
		A8B820281C675CB60031C0C1 /* yapim_asamasi.jpg in Resources */ = {isa = PBXBuildFile; fileRef = A8B820271C675CB60031C0C1 /* yapim_asamasi.jpg */; };
		A8CD8A7C1C56C33E00D5E5B9 /* WebViewController.m in Sources */ = {isa = PBXBuildFile; fileRef = A8CD8A7B1C56C33E00D5E5B9 /* WebViewController.m */; };
/* End PBXBuildFile section */

/* Begin PBXContainerItemProxy section */
		A86B8BCA1C53AFA20034A081 /* PBXContainerItemProxy */ = {
			isa = PBXContainerItemProxy;
			containerPortal = A86B8BA81C53AFA10034A081 /* Project object */;
			proxyType = 1;
			remoteGlobalIDString = A86B8BAF1C53AFA10034A081;
			remoteInfo = HMineral;
		};
		A86B8BD51C53AFA20034A081 /* PBXContainerItemProxy */ = {
			isa = PBXContainerItemProxy;
			containerPortal = A86B8BA81C53AFA10034A081 /* Project object */;
			proxyType = 1;
			remoteGlobalIDString = A86B8BAF1C53AFA10034A081;
			remoteInfo = HMineral;
		};
/* End PBXContainerItemProxy section */

/* Begin PBXFileReference section */
		A86B8BB01C53AFA10034A081 /* HMineral.app */ = {isa = PBXFileReference; explicitFileType = wrapper.application; includeInIndex = 0; path = HMineral.app; sourceTree = BUILT_PRODUCTS_DIR; };
		A86B8BB41C53AFA10034A081 /* main.m */ = {isa = PBXFileReference; lastKnownFileType = sourcecode.c.objc; path = main.m; sourceTree = "<group>"; };
		A86B8BB61C53AFA10034A081 /* AppDelegate.h */ = {isa = PBXFileReference; lastKnownFileType = sourcecode.c.h; path = AppDelegate.h; sourceTree = "<group>"; };
		A86B8BB71C53AFA10034A081 /* AppDelegate.m */ = {isa = PBXFileReference; lastKnownFileType = sourcecode.c.objc; path = AppDelegate.m; sourceTree = "<group>"; };
		A86B8BB91C53AFA10034A081 /* ViewController.h */ = {isa = PBXFileReference; lastKnownFileType = sourcecode.c.h; path = ViewController.h; sourceTree = "<group>"; };
		A86B8BBA1C53AFA10034A081 /* ViewController.m */ = {isa = PBXFileReference; lastKnownFileType = sourcecode.c.objc; path = ViewController.m; sourceTree = "<group>"; };
		A86B8BBD1C53AFA10034A081 /* Base */ = {isa = PBXFileReference; lastKnownFileType = file.storyboard; name = Base; path = Base.lproj/Main.storyboard; sourceTree = "<group>"; };
		A86B8BBF1C53AFA20034A081 /* Assets.xcassets */ = {isa = PBXFileReference; lastKnownFileType = folder.assetcatalog; path = Assets.xcassets; sourceTree = "<group>"; };
		A86B8BC21C53AFA20034A081 /* Base */ = {isa = PBXFileReference; lastKnownFileType = file.storyboard; name = Base; path = Base.lproj/LaunchScreen.storyboard; sourceTree = "<group>"; };
		A86B8BC41C53AFA20034A081 /* Info.plist */ = {isa = PBXFileReference; lastKnownFileType = text.plist.xml; path = Info.plist; sourceTree = "<group>"; };
		A86B8BC91C53AFA20034A081 /* HMineralTests.xctest */ = {isa = PBXFileReference; explicitFileType = wrapper.cfbundle; includeInIndex = 0; path = HMineralTests.xctest; sourceTree = BUILT_PRODUCTS_DIR; };
		A86B8BCD1C53AFA20034A081 /* HMineralTests.m */ = {isa = PBXFileReference; lastKnownFileType = sourcecode.c.objc; path = HMineralTests.m; sourceTree = "<group>"; };
		A86B8BCF1C53AFA20034A081 /* Info.plist */ = {isa = PBXFileReference; lastKnownFileType = text.plist.xml; path = Info.plist; sourceTree = "<group>"; };
		A86B8BD41C53AFA20034A081 /* HMineralUITests.xctest */ = {isa = PBXFileReference; explicitFileType = wrapper.cfbundle; includeInIndex = 0; path = HMineralUITests.xctest; sourceTree = BUILT_PRODUCTS_DIR; };
		A86B8BD81C53AFA20034A081 /* HMineralUITests.m */ = {isa = PBXFileReference; lastKnownFileType = sourcecode.c.objc; path = HMineralUITests.m; sourceTree = "<group>"; };
		A86B8BDA1C53AFA20034A081 /* Info.plist */ = {isa = PBXFileReference; lastKnownFileType = text.plist.xml; path = Info.plist; sourceTree = "<group>"; };
		A86B8BE61C53AFAF0034A081 /* Bolts.framework */ = {isa = PBXFileReference; lastKnownFileType = wrapper.framework; path = Bolts.framework; sourceTree = "<group>"; };
		A86B8BE71C53AFAF0034A081 /* Parse.framework */ = {isa = PBXFileReference; lastKnownFileType = wrapper.framework; path = Parse.framework; sourceTree = "<group>"; };
		A86B8BE81C53AFAF0034A081 /* ParseFacebookUtils.framework */ = {isa = PBXFileReference; lastKnownFileType = wrapper.framework; path = ParseFacebookUtils.framework; sourceTree = "<group>"; };
		A86B8BE91C53AFAF0034A081 /* ParseFacebookUtilsV4.framework */ = {isa = PBXFileReference; lastKnownFileType = wrapper.framework; path = ParseFacebookUtilsV4.framework; sourceTree = "<group>"; };
		A86B8BEA1C53AFAF0034A081 /* ParseTwitterUtils.framework */ = {isa = PBXFileReference; lastKnownFileType = wrapper.framework; path = ParseTwitterUtils.framework; sourceTree = "<group>"; };
		A86B8BEB1C53AFAF0034A081 /* ParseUI.framework */ = {isa = PBXFileReference; lastKnownFileType = wrapper.framework; path = ParseUI.framework; sourceTree = "<group>"; };
		A86B8BF21C53AFCA0034A081 /* AudioToolbox.framework */ = {isa = PBXFileReference; lastKnownFileType = wrapper.framework; name = AudioToolbox.framework; path = System/Library/Frameworks/AudioToolbox.framework; sourceTree = SDKROOT; };
		A86B8BF41C53AFD70034A081 /* CFNetwork.framework */ = {isa = PBXFileReference; lastKnownFileType = wrapper.framework; name = CFNetwork.framework; path = System/Library/Frameworks/CFNetwork.framework; sourceTree = SDKROOT; };
		A86B8BF61C53AFE10034A081 /* CoreGraphics.framework */ = {isa = PBXFileReference; lastKnownFileType = wrapper.framework; name = CoreGraphics.framework; path = System/Library/Frameworks/CoreGraphics.framework; sourceTree = SDKROOT; };
		A86B8BF81C53AFEB0034A081 /* CoreLocation.framework */ = {isa = PBXFileReference; lastKnownFileType = wrapper.framework; name = CoreLocation.framework; path = System/Library/Frameworks/CoreLocation.framework; sourceTree = SDKROOT; };
		A86B8BFA1C53AFF40034A081 /* QuartzCore.framework */ = {isa = PBXFileReference; lastKnownFileType = wrapper.framework; name = QuartzCore.framework; path = System/Library/Frameworks/QuartzCore.framework; sourceTree = SDKROOT; };
		A86B8BFC1C53AFFD0034A081 /* Security.framework */ = {isa = PBXFileReference; lastKnownFileType = wrapper.framework; name = Security.framework; path = System/Library/Frameworks/Security.framework; sourceTree = SDKROOT; };
		A86B8BFE1C53B0070034A081 /* StoreKit.framework */ = {isa = PBXFileReference; lastKnownFileType = wrapper.framework; name = StoreKit.framework; path = System/Library/Frameworks/StoreKit.framework; sourceTree = SDKROOT; };
		A86B8C001C53B0100034A081 /* SystemConfiguration.framework */ = {isa = PBXFileReference; lastKnownFileType = wrapper.framework; name = SystemConfiguration.framework; path = System/Library/Frameworks/SystemConfiguration.framework; sourceTree = SDKROOT; };
		A86B8C021C53B0180034A081 /* libz.tbd */ = {isa = PBXFileReference; lastKnownFileType = "sourcecode.text-based-dylib-definition"; name = libz.tbd; path = usr/lib/libz.tbd; sourceTree = SDKROOT; };
		A86B8C041C53B02B0034A081 /* libsqlite3.tbd */ = {isa = PBXFileReference; lastKnownFileType = "sourcecode.text-based-dylib-definition"; name = libsqlite3.tbd; path = usr/lib/libsqlite3.tbd; sourceTree = SDKROOT; };
		A86B8C061C53B9360034A081 /* SecondViewController.h */ = {isa = PBXFileReference; fileEncoding = 4; lastKnownFileType = sourcecode.c.h; path = SecondViewController.h; sourceTree = "<group>"; };
		A86B8C071C53B9360034A081 /* SecondViewController.m */ = {isa = PBXFileReference; fileEncoding = 4; lastKnownFileType = sourcecode.c.objc; path = SecondViewController.m; sourceTree = "<group>"; };
		A86B8C091C542AF20034A081 /* ThirdViewController.h */ = {isa = PBXFileReference; fileEncoding = 4; lastKnownFileType = sourcecode.c.h; path = ThirdViewController.h; sourceTree = "<group>"; };
		A86B8C0A1C542AF30034A081 /* ThirdViewController.m */ = {isa = PBXFileReference; fileEncoding = 4; lastKnownFileType = sourcecode.c.objc; path = ThirdViewController.m; sourceTree = "<group>"; };
		A86B8C0C1C542F860034A081 /* FourthViewController.h */ = {isa = PBXFileReference; fileEncoding = 4; lastKnownFileType = sourcecode.c.h; path = FourthViewController.h; sourceTree = "<group>"; };
		A86B8C0D1C542F860034A081 /* FourthViewController.m */ = {isa = PBXFileReference; fileEncoding = 4; lastKnownFileType = sourcecode.c.objc; path = FourthViewController.m; sourceTree = "<group>"; };
		A86B8C0F1C5434F90034A081 /* FifthViewController.h */ = {isa = PBXFileReference; fileEncoding = 4; lastKnownFileType = sourcecode.c.h; path = FifthViewController.h; sourceTree = "<group>"; };
		A86B8C101C5434F90034A081 /* FifthViewController.m */ = {isa = PBXFileReference; fileEncoding = 4; lastKnownFileType = sourcecode.c.objc; path = FifthViewController.m; sourceTree = "<group>"; };
		A86B8C121C5437620034A081 /* SixthViewController.h */ = {isa = PBXFileReference; fileEncoding = 4; lastKnownFileType = sourcecode.c.h; path = SixthViewController.h; sourceTree = "<group>"; };
		A86B8C131C5437620034A081 /* SixthViewController.m */ = {isa = PBXFileReference; fileEncoding = 4; lastKnownFileType = sourcecode.c.objc; path = SixthViewController.m; sourceTree = "<group>"; };
		A86B8C151C5438410034A081 /* SeventhViewController.h */ = {isa = PBXFileReference; fileEncoding = 4; lastKnownFileType = sourcecode.c.h; path = SeventhViewController.h; sourceTree = "<group>"; };
		A86B8C161C5438410034A081 /* SeventhViewController.m */ = {isa = PBXFileReference; fileEncoding = 4; lastKnownFileType = sourcecode.c.objc; path = SeventhViewController.m; sourceTree = "<group>"; };
		A86B8C181C54392F0034A081 /* EighthViewController.h */ = {isa = PBXFileReference; fileEncoding = 4; lastKnownFileType = sourcecode.c.h; path = EighthViewController.h; sourceTree = "<group>"; };
		A86B8C191C54392F0034A081 /* EighthViewController.m */ = {isa = PBXFileReference; fileEncoding = 4; lastKnownFileType = sourcecode.c.objc; path = EighthViewController.m; sourceTree = "<group>"; };
		A86B8C1B1C543CE10034A081 /* NinthViewController.h */ = {isa = PBXFileReference; fileEncoding = 4; lastKnownFileType = sourcecode.c.h; path = NinthViewController.h; sourceTree = "<group>"; };
		A86B8C1C1C543CE10034A081 /* NinthViewController.m */ = {isa = PBXFileReference; fileEncoding = 4; lastKnownFileType = sourcecode.c.objc; path = NinthViewController.m; sourceTree = "<group>"; };
		A887F24B1C594FB5000FD008 /* MessageUI.framework */ = {isa = PBXFileReference; lastKnownFileType = wrapper.framework; name = MessageUI.framework; path = System/Library/Frameworks/MessageUI.framework; sourceTree = SDKROOT; };
		A8B8201B1C674E010031C0C1 /* hmt.png */ = {isa = PBXFileReference; lastKnownFileType = image.png; path = hmt.png; sourceTree = "<group>"; };
		A8B8201C1C674E010031C0C1 /* minerology.gif */ = {isa = PBXFileReference; lastKnownFileType = image.gif; path = minerology.gif; sourceTree = "<group>"; };
		A8B8201D1C674E010031C0C1 /* mmo.jpg */ = {isa = PBXFileReference; lastKnownFileType = image.jpeg; path = mmo.jpg; sourceTree = "<group>"; };
		A8B8201E1C674E010031C0C1 /* mta.jpg */ = {isa = PBXFileReference; lastKnownFileType = image.jpeg; path = mta.jpg; sourceTree = "<group>"; };
		A8B8201F1C674E010031C0C1 /* onemine.jpg */ = {isa = PBXFileReference; lastKnownFileType = image.jpeg; path = onemine.jpg; sourceTree = "<group>"; };
		A8B820201C674E010031C0C1 /* sme.png */ = {isa = PBXFileReference; lastKnownFileType = image.png; path = sme.png; sourceTree = "<group>"; };
		A8B820271C675CB60031C0C1 /* yapim_asamasi.jpg */ = {isa = PBXFileReference; lastKnownFileType = image.jpeg; path = yapim_asamasi.jpg; sourceTree = "<group>"; };
		A8CD8A7A1C56C33E00D5E5B9 /* WebViewController.h */ = {isa = PBXFileReference; fileEncoding = 4; lastKnownFileType = sourcecode.c.h; path = WebViewController.h; sourceTree = "<group>"; };
		A8CD8A7B1C56C33E00D5E5B9 /* WebViewController.m */ = {isa = PBXFileReference; fileEncoding = 4; lastKnownFileType = sourcecode.c.objc; path = WebViewController.m; sourceTree = "<group>"; };
/* End PBXFileReference section */

/* Begin PBXFrameworksBuildPhase section */
		A86B8BAD1C53AFA10034A081 /* Frameworks */ = {
			isa = PBXFrameworksBuildPhase;
			buildActionMask = 2147483647;
			files = (
				A887F24C1C594FB5000FD008 /* MessageUI.framework in Frameworks */,
				A86B8C051C53B02B0034A081 /* libsqlite3.tbd in Frameworks */,
				A86B8C031C53B0180034A081 /* libz.tbd in Frameworks */,
				A86B8C011C53B0100034A081 /* SystemConfiguration.framework in Frameworks */,
				A86B8BFF1C53B0070034A081 /* StoreKit.framework in Frameworks */,
				A86B8BFD1C53AFFD0034A081 /* Security.framework in Frameworks */,
				A86B8BFB1C53AFF40034A081 /* QuartzCore.framework in Frameworks */,
				A86B8BF91C53AFEB0034A081 /* CoreLocation.framework in Frameworks */,
				A86B8BF71C53AFE10034A081 /* CoreGraphics.framework in Frameworks */,
				A86B8BF51C53AFD70034A081 /* CFNetwork.framework in Frameworks */,
				A86B8BF31C53AFCA0034A081 /* AudioToolbox.framework in Frameworks */,
				A86B8BF11C53AFAF0034A081 /* ParseUI.framework in Frameworks */,
				A86B8BED1C53AFAF0034A081 /* Parse.framework in Frameworks */,
				A86B8BEC1C53AFAF0034A081 /* Bolts.framework in Frameworks */,
				A86B8BEF1C53AFAF0034A081 /* ParseFacebookUtilsV4.framework in Frameworks */,
				A86B8BEE1C53AFAF0034A081 /* ParseFacebookUtils.framework in Frameworks */,
				A86B8BF01C53AFAF0034A081 /* ParseTwitterUtils.framework in Frameworks */,
			);
			runOnlyForDeploymentPostprocessing = 0;
		};
		A86B8BC61C53AFA20034A081 /* Frameworks */ = {
			isa = PBXFrameworksBuildPhase;
			buildActionMask = 2147483647;
			files = (
			);
			runOnlyForDeploymentPostprocessing = 0;
		};
		A86B8BD11C53AFA20034A081 /* Frameworks */ = {
			isa = PBXFrameworksBuildPhase;
			buildActionMask = 2147483647;
			files = (
			);
			runOnlyForDeploymentPostprocessing = 0;
		};
/* End PBXFrameworksBuildPhase section */

/* Begin PBXGroup section */
		A86B8BA71C53AFA10034A081 = {
			isa = PBXGroup;
			children = (
				A887F24B1C594FB5000FD008 /* MessageUI.framework */,
				A8B8201B1C674E010031C0C1 /* hmt.png */,
				A8B8201C1C674E010031C0C1 /* minerology.gif */,
				A8B820271C675CB60031C0C1 /* yapim_asamasi.jpg */,
				A8B8201D1C674E010031C0C1 /* mmo.jpg */,
				A8B8201E1C674E010031C0C1 /* mta.jpg */,
				A8B8201F1C674E010031C0C1 /* onemine.jpg */,
				A8B820201C674E010031C0C1 /* sme.png */,
				A86B8C041C53B02B0034A081 /* libsqlite3.tbd */,
				A86B8C021C53B0180034A081 /* libz.tbd */,
				A86B8C001C53B0100034A081 /* SystemConfiguration.framework */,
				A86B8BFE1C53B0070034A081 /* StoreKit.framework */,
				A86B8BFC1C53AFFD0034A081 /* Security.framework */,
				A86B8BFA1C53AFF40034A081 /* QuartzCore.framework */,
				A86B8BF81C53AFEB0034A081 /* CoreLocation.framework */,
				A86B8BF61C53AFE10034A081 /* CoreGraphics.framework */,
				A86B8BF41C53AFD70034A081 /* CFNetwork.framework */,
				A86B8BF21C53AFCA0034A081 /* AudioToolbox.framework */,
				A86B8BB21C53AFA10034A081 /* HMineral */,
				A86B8BCC1C53AFA20034A081 /* HMineralTests */,
				A86B8BD71C53AFA20034A081 /* HMineralUITests */,
				A86B8BB11C53AFA10034A081 /* Products */,
			);
			sourceTree = "<group>";
		};
		A86B8BB11C53AFA10034A081 /* Products */ = {
			isa = PBXGroup;
			children = (
				A86B8BB01C53AFA10034A081 /* HMineral.app */,
				A86B8BC91C53AFA20034A081 /* HMineralTests.xctest */,
				A86B8BD41C53AFA20034A081 /* HMineralUITests.xctest */,
			);
			name = Products;
			sourceTree = "<group>";
		};
		A86B8BB21C53AFA10034A081 /* HMineral */ = {
			isa = PBXGroup;
			children = (
				A86B8BE61C53AFAF0034A081 /* Bolts.framework */,
				A86B8BE71C53AFAF0034A081 /* Parse.framework */,
				A86B8BE81C53AFAF0034A081 /* ParseFacebookUtils.framework */,
				A86B8BE91C53AFAF0034A081 /* ParseFacebookUtilsV4.framework */,
				A86B8BEA1C53AFAF0034A081 /* ParseTwitterUtils.framework */,
				A86B8BEB1C53AFAF0034A081 /* ParseUI.framework */,
				A86B8BB61C53AFA10034A081 /* AppDelegate.h */,
				A86B8BB71C53AFA10034A081 /* AppDelegate.m */,
				A86B8BB91C53AFA10034A081 /* ViewController.h */,
				A86B8BBA1C53AFA10034A081 /* ViewController.m */,
				A8CD8A7A1C56C33E00D5E5B9 /* WebViewController.h */,
				A8CD8A7B1C56C33E00D5E5B9 /* WebViewController.m */,
				A86B8C091C542AF20034A081 /* ThirdViewController.h */,
				A86B8C0A1C542AF30034A081 /* ThirdViewController.m */,
				A86B8C0C1C542F860034A081 /* FourthViewController.h */,
				A86B8C0D1C542F860034A081 /* FourthViewController.m */,
				A86B8C0F1C5434F90034A081 /* FifthViewController.h */,
				A86B8C101C5434F90034A081 /* FifthViewController.m */,
				A86B8C121C5437620034A081 /* SixthViewController.h */,
				A86B8C131C5437620034A081 /* SixthViewController.m */,
				A86B8C151C5438410034A081 /* SeventhViewController.h */,
				A86B8C161C5438410034A081 /* SeventhViewController.m */,
				A86B8C1B1C543CE10034A081 /* NinthViewController.h */,
				A86B8C1C1C543CE10034A081 /* NinthViewController.m */,
				A86B8C181C54392F0034A081 /* EighthViewController.h */,
				A86B8C191C54392F0034A081 /* EighthViewController.m */,
				A86B8C061C53B9360034A081 /* SecondViewController.h */,
				A86B8C071C53B9360034A081 /* SecondViewController.m */,
				A86B8BBC1C53AFA10034A081 /* Main.storyboard */,
				A86B8BBF1C53AFA20034A081 /* Assets.xcassets */,
				A86B8BC11C53AFA20034A081 /* LaunchScreen.storyboard */,
				A86B8BC41C53AFA20034A081 /* Info.plist */,
				A86B8BB31C53AFA10034A081 /* Supporting Files */,
			);
			path = HMineral;
			sourceTree = "<group>";
		};
		A86B8BB31C53AFA10034A081 /* Supporting Files */ = {
			isa = PBXGroup;
			children = (
				A86B8BB41C53AFA10034A081 /* main.m */,
			);
			name = "Supporting Files";
			sourceTree = "<group>";
		};
		A86B8BCC1C53AFA20034A081 /* HMineralTests */ = {
			isa = PBXGroup;
			children = (
				A86B8BCD1C53AFA20034A081 /* HMineralTests.m */,
				A86B8BCF1C53AFA20034A081 /* Info.plist */,
			);
			path = HMineralTests;
			sourceTree = "<group>";
		};
		A86B8BD71C53AFA20034A081 /* HMineralUITests */ = {
			isa = PBXGroup;
			children = (
				A86B8BD81C53AFA20034A081 /* HMineralUITests.m */,
				A86B8BDA1C53AFA20034A081 /* Info.plist */,
			);
			path = HMineralUITests;
			sourceTree = "<group>";
		};
/* End PBXGroup section */

/* Begin PBXNativeTarget section */
		A86B8BAF1C53AFA10034A081 /* HMineral */ = {
			isa = PBXNativeTarget;
			buildConfigurationList = A86B8BDD1C53AFA20034A081 /* Build configuration list for PBXNativeTarget "HMineral" */;
			buildPhases = (
				A86B8BAC1C53AFA10034A081 /* Sources */,
				A86B8BAD1C53AFA10034A081 /* Frameworks */,
				A86B8BAE1C53AFA10034A081 /* Resources */,
			);
			buildRules = (
			);
			dependencies = (
			);
			name = HMineral;
			productName = HMineral;
			productReference = A86B8BB01C53AFA10034A081 /* HMineral.app */;
			productType = "com.apple.product-type.application";
		};
		A86B8BC81C53AFA20034A081 /* HMineralTests */ = {
			isa = PBXNativeTarget;
			buildConfigurationList = A86B8BE01C53AFA20034A081 /* Build configuration list for PBXNativeTarget "HMineralTests" */;
			buildPhases = (
				A86B8BC51C53AFA20034A081 /* Sources */,
				A86B8BC61C53AFA20034A081 /* Frameworks */,
				A86B8BC71C53AFA20034A081 /* Resources */,
			);
			buildRules = (
			);
			dependencies = (
				A86B8BCB1C53AFA20034A081 /* PBXTargetDependency */,
			);
			name = HMineralTests;
			productName = HMineralTests;
			productReference = A86B8BC91C53AFA20034A081 /* HMineralTests.xctest */;
			productType = "com.apple.product-type.bundle.unit-test";
		};
		A86B8BD31C53AFA20034A081 /* HMineralUITests */ = {
			isa = PBXNativeTarget;
			buildConfigurationList = A86B8BE31C53AFA20034A081 /* Build configuration list for PBXNativeTarget "HMineralUITests" */;
			buildPhases = (
				A86B8BD01C53AFA20034A081 /* Sources */,
				A86B8BD11C53AFA20034A081 /* Frameworks */,
				A86B8BD21C53AFA20034A081 /* Resources */,
			);
			buildRules = (
			);
			dependencies = (
				A86B8BD61C53AFA20034A081 /* PBXTargetDependency */,
			);
			name = HMineralUITests;
			productName = HMineralUITests;
			productReference = A86B8BD41C53AFA20034A081 /* HMineralUITests.xctest */;
			productType = "com.apple.product-type.bundle.ui-testing";
		};
/* End PBXNativeTarget section */

/* Begin PBXProject section */
		A86B8BA81C53AFA10034A081 /* Project object */ = {
			isa = PBXProject;
			attributes = {
				LastUpgradeCheck = 0720;
				ORGANIZATIONNAME = "İrem Ergün";
				TargetAttributes = {
					A86B8BAF1C53AFA10034A081 = {
						CreatedOnToolsVersion = 7.2;
					};
					A86B8BC81C53AFA20034A081 = {
						CreatedOnToolsVersion = 7.2;
						TestTargetID = A86B8BAF1C53AFA10034A081;
					};
					A86B8BD31C53AFA20034A081 = {
						CreatedOnToolsVersion = 7.2;
						TestTargetID = A86B8BAF1C53AFA10034A081;
					};
				};
			};
			buildConfigurationList = A86B8BAB1C53AFA10034A081 /* Build configuration list for PBXProject "HMineral" */;
			compatibilityVersion = "Xcode 3.2";
			developmentRegion = English;
			hasScannedForEncodings = 0;
			knownRegions = (
				en,
				Base,
			);
			mainGroup = A86B8BA71C53AFA10034A081;
			productRefGroup = A86B8BB11C53AFA10034A081 /* Products */;
			projectDirPath = "";
			projectRoot = "";
			targets = (
				A86B8BAF1C53AFA10034A081 /* HMineral */,
				A86B8BC81C53AFA20034A081 /* HMineralTests */,
				A86B8BD31C53AFA20034A081 /* HMineralUITests */,
			);
		};
/* End PBXProject section */

/* Begin PBXResourcesBuildPhase section */
		A86B8BAE1C53AFA10034A081 /* Resources */ = {
			isa = PBXResourcesBuildPhase;
			buildActionMask = 2147483647;
			files = (
				A8B820251C674E010031C0C1 /* onemine.jpg in Resources */,
				A8B820211C674E010031C0C1 /* hmt.png in Resources */,
				A8B820281C675CB60031C0C1 /* yapim_asamasi.jpg in Resources */,
				A8B820231C674E010031C0C1 /* mmo.jpg in Resources */,
				A8B820241C674E010031C0C1 /* mta.jpg in Resources */,
				A86B8BC31C53AFA20034A081 /* LaunchScreen.storyboard in Resources */,
				A86B8BC01C53AFA20034A081 /* Assets.xcassets in Resources */,
				A8B820221C674E010031C0C1 /* minerology.gif in Resources */,
				A86B8BBE1C53AFA10034A081 /* Main.storyboard in Resources */,
				A8B820261C674E010031C0C1 /* sme.png in Resources */,
			);
			runOnlyForDeploymentPostprocessing = 0;
		};
		A86B8BC71C53AFA20034A081 /* Resources */ = {
			isa = PBXResourcesBuildPhase;
			buildActionMask = 2147483647;
			files = (
			);
			runOnlyForDeploymentPostprocessing = 0;
		};
		A86B8BD21C53AFA20034A081 /* Resources */ = {
			isa = PBXResourcesBuildPhase;
			buildActionMask = 2147483647;
			files = (
			);
			runOnlyForDeploymentPostprocessing = 0;
		};
/* End PBXResourcesBuildPhase section */

/* Begin PBXSourcesBuildPhase section */
		A86B8BAC1C53AFA10034A081 /* Sources */ = {
			isa = PBXSourcesBuildPhase;
			buildActionMask = 2147483647;
			files = (
				A86B8C0E1C542F860034A081 /* FourthViewController.m in Sources */,
				A86B8C081C53B9360034A081 /* SecondViewController.m in Sources */,
				A86B8C0B1C542AF30034A081 /* ThirdViewController.m in Sources */,
				A86B8C1D1C543CE10034A081 /* NinthViewController.m in Sources */,
				A86B8BBB1C53AFA10034A081 /* ViewController.m in Sources */,
				A86B8C171C5438410034A081 /* SeventhViewController.m in Sources */,
				A86B8BB81C53AFA10034A081 /* AppDelegate.m in Sources */,
				A8CD8A7C1C56C33E00D5E5B9 /* WebViewController.m in Sources */,
				A86B8C111C5434F90034A081 /* FifthViewController.m in Sources */,
				A86B8BB51C53AFA10034A081 /* main.m in Sources */,
				A86B8C141C5437620034A081 /* SixthViewController.m in Sources */,
				A86B8C1A1C54392F0034A081 /* EighthViewController.m in Sources */,
			);
			runOnlyForDeploymentPostprocessing = 0;
		};
		A86B8BC51C53AFA20034A081 /* Sources */ = {
			isa = PBXSourcesBuildPhase;
			buildActionMask = 2147483647;
			files = (
				A86B8BCE1C53AFA20034A081 /* HMineralTests.m in Sources */,
			);
			runOnlyForDeploymentPostprocessing = 0;
		};
		A86B8BD01C53AFA20034A081 /* Sources */ = {
			isa = PBXSourcesBuildPhase;
			buildActionMask = 2147483647;
			files = (
				A86B8BD91C53AFA20034A081 /* HMineralUITests.m in Sources */,
			);
			runOnlyForDeploymentPostprocessing = 0;
		};
/* End PBXSourcesBuildPhase section */

/* Begin PBXTargetDependency section */
		A86B8BCB1C53AFA20034A081 /* PBXTargetDependency */ = {
			isa = PBXTargetDependency;
			target = A86B8BAF1C53AFA10034A081 /* HMineral */;
			targetProxy = A86B8BCA1C53AFA20034A081 /* PBXContainerItemProxy */;
		};
		A86B8BD61C53AFA20034A081 /* PBXTargetDependency */ = {
			isa = PBXTargetDependency;
			target = A86B8BAF1C53AFA10034A081 /* HMineral */;
			targetProxy = A86B8BD51C53AFA20034A081 /* PBXContainerItemProxy */;
		};
/* End PBXTargetDependency section */

/* Begin PBXVariantGroup section */
		A86B8BBC1C53AFA10034A081 /* Main.storyboard */ = {
			isa = PBXVariantGroup;
			children = (
				A86B8BBD1C53AFA10034A081 /* Base */,
			);
			name = Main.storyboard;
			sourceTree = "<group>";
		};
		A86B8BC11C53AFA20034A081 /* LaunchScreen.storyboard */ = {
			isa = PBXVariantGroup;
			children = (
				A86B8BC21C53AFA20034A081 /* Base */,
			);
			name = LaunchScreen.storyboard;
			sourceTree = "<group>";
		};
/* End PBXVariantGroup section */

/* Begin XCBuildConfiguration section */
		A86B8BDB1C53AFA20034A081 /* Debug */ = {
			isa = XCBuildConfiguration;
			buildSettings = {
				ALWAYS_SEARCH_USER_PATHS = NO;
				CLANG_CXX_LANGUAGE_STANDARD = "gnu++0x";
				CLANG_CXX_LIBRARY = "libc++";
				CLANG_ENABLE_MODULES = YES;
				CLANG_ENABLE_OBJC_ARC = YES;
				CLANG_WARN_BOOL_CONVERSION = YES;
				CLANG_WARN_CONSTANT_CONVERSION = YES;
				CLANG_WARN_DIRECT_OBJC_ISA_USAGE = YES_ERROR;
				CLANG_WARN_EMPTY_BODY = YES;
				CLANG_WARN_ENUM_CONVERSION = YES;
				CLANG_WARN_INT_CONVERSION = YES;
				CLANG_WARN_OBJC_ROOT_CLASS = YES_ERROR;
				CLANG_WARN_UNREACHABLE_CODE = YES;
				CLANG_WARN__DUPLICATE_METHOD_MATCH = YES;
				"CODE_SIGN_IDENTITY[sdk=iphoneos*]" = "iPhone Developer";
				COPY_PHASE_STRIP = NO;
				DEBUG_INFORMATION_FORMAT = dwarf;
				ENABLE_STRICT_OBJC_MSGSEND = YES;
				ENABLE_TESTABILITY = YES;
				GCC_C_LANGUAGE_STANDARD = gnu99;
				GCC_DYNAMIC_NO_PIC = NO;
				GCC_NO_COMMON_BLOCKS = YES;
				GCC_OPTIMIZATION_LEVEL = 0;
				GCC_PREPROCESSOR_DEFINITIONS = (
					"DEBUG=1",
					"$(inherited)",
				);
				GCC_WARN_64_TO_32_BIT_CONVERSION = YES;
				GCC_WARN_ABOUT_RETURN_TYPE = YES_ERROR;
				GCC_WARN_UNDECLARED_SELECTOR = YES;
				GCC_WARN_UNINITIALIZED_AUTOS = YES_AGGRESSIVE;
				GCC_WARN_UNUSED_FUNCTION = YES;
				GCC_WARN_UNUSED_VARIABLE = YES;
				IPHONEOS_DEPLOYMENT_TARGET = 9.2;
				MTL_ENABLE_DEBUG_INFO = YES;
				ONLY_ACTIVE_ARCH = YES;
				SDKROOT = iphoneos;
				TARGETED_DEVICE_FAMILY = "1,2";
			};
			name = Debug;
		};
		A86B8BDC1C53AFA20034A081 /* Release */ = {
			isa = XCBuildConfiguration;
			buildSettings = {
				ALWAYS_SEARCH_USER_PATHS = NO;
				CLANG_CXX_LANGUAGE_STANDARD = "gnu++0x";
				CLANG_CXX_LIBRARY = "libc++";
				CLANG_ENABLE_MODULES = YES;
				CLANG_ENABLE_OBJC_ARC = YES;
				CLANG_WARN_BOOL_CONVERSION = YES;
				CLANG_WARN_CONSTANT_CONVERSION = YES;
				CLANG_WARN_DIRECT_OBJC_ISA_USAGE = YES_ERROR;
				CLANG_WARN_EMPTY_BODY = YES;
				CLANG_WARN_ENUM_CONVERSION = YES;
				CLANG_WARN_INT_CONVERSION = YES;
				CLANG_WARN_OBJC_ROOT_CLASS = YES_ERROR;
				CLANG_WARN_UNREACHABLE_CODE = YES;
				CLANG_WARN__DUPLICATE_METHOD_MATCH = YES;
				"CODE_SIGN_IDENTITY[sdk=iphoneos*]" = "iPhone Developer";
				COPY_PHASE_STRIP = NO;
				DEBUG_INFORMATION_FORMAT = "dwarf-with-dsym";
				ENABLE_NS_ASSERTIONS = NO;
				ENABLE_STRICT_OBJC_MSGSEND = YES;
				GCC_C_LANGUAGE_STANDARD = gnu99;
				GCC_NO_COMMON_BLOCKS = YES;
				GCC_WARN_64_TO_32_BIT_CONVERSION = YES;
				GCC_WARN_ABOUT_RETURN_TYPE = YES_ERROR;
				GCC_WARN_UNDECLARED_SELECTOR = YES;
				GCC_WARN_UNINITIALIZED_AUTOS = YES_AGGRESSIVE;
				GCC_WARN_UNUSED_FUNCTION = YES;
				GCC_WARN_UNUSED_VARIABLE = YES;
				IPHONEOS_DEPLOYMENT_TARGET = 9.2;
				MTL_ENABLE_DEBUG_INFO = NO;
				SDKROOT = iphoneos;
				TARGETED_DEVICE_FAMILY = "1,2";
				VALIDATE_PRODUCT = YES;
			};
			name = Release;
		};
		A86B8BDE1C53AFA20034A081 /* Debug */ = {
			isa = XCBuildConfiguration;
			buildSettings = {
				ASSETCATALOG_COMPILER_APPICON_NAME = AppIcon;
				FRAMEWORK_SEARCH_PATHS = (
					"$(inherited)",
					"$(PROJECT_DIR)/HMineral",
				);
				INFOPLIST_FILE = HMineral/Info.plist;
				LD_RUNPATH_SEARCH_PATHS = "$(inherited) @executable_path/Frameworks";
				PRODUCT_BUNDLE_IDENTIFIER = irem.HMineral;
				PRODUCT_NAME = "$(TARGET_NAME)";
			};
			name = Debug;
		};
		A86B8BDF1C53AFA20034A081 /* Release */ = {
			isa = XCBuildConfiguration;
			buildSettings = {
				ASSETCATALOG_COMPILER_APPICON_NAME = AppIcon;
				FRAMEWORK_SEARCH_PATHS = (
					"$(inherited)",
					"$(PROJECT_DIR)/HMineral",
				);
				INFOPLIST_FILE = HMineral/Info.plist;
				LD_RUNPATH_SEARCH_PATHS = "$(inherited) @executable_path/Frameworks";
				PRODUCT_BUNDLE_IDENTIFIER = irem.HMineral;
				PRODUCT_NAME = "$(TARGET_NAME)";
			};
			name = Release;
		};
		A86B8BE11C53AFA20034A081 /* Debug */ = {
			isa = XCBuildConfiguration;
			buildSettings = {
				BUNDLE_LOADER = "$(TEST_HOST)";
				INFOPLIST_FILE = HMineralTests/Info.plist;
				LD_RUNPATH_SEARCH_PATHS = "$(inherited) @executable_path/Frameworks @loader_path/Frameworks";
				PRODUCT_BUNDLE_IDENTIFIER = irem.HMineralTests;
				PRODUCT_NAME = "$(TARGET_NAME)";
				TEST_HOST = "$(BUILT_PRODUCTS_DIR)/HMineral.app/HMineral";
			};
			name = Debug;
		};
		A86B8BE21C53AFA20034A081 /* Release */ = {
			isa = XCBuildConfiguration;
			buildSettings = {
				BUNDLE_LOADER = "$(TEST_HOST)";
				INFOPLIST_FILE = HMineralTests/Info.plist;
				LD_RUNPATH_SEARCH_PATHS = "$(inherited) @executable_path/Frameworks @loader_path/Frameworks";
				PRODUCT_BUNDLE_IDENTIFIER = irem.HMineralTests;
				PRODUCT_NAME = "$(TARGET_NAME)";
				TEST_HOST = "$(BUILT_PRODUCTS_DIR)/HMineral.app/HMineral";
			};
			name = Release;
		};
		A86B8BE41C53AFA20034A081 /* Debug */ = {
			isa = XCBuildConfiguration;
			buildSettings = {
				INFOPLIST_FILE = HMineralUITests/Info.plist;
				LD_RUNPATH_SEARCH_PATHS = "$(inherited) @executable_path/Frameworks @loader_path/Frameworks";
				PRODUCT_BUNDLE_IDENTIFIER = irem.HMineralUITests;
				PRODUCT_NAME = "$(TARGET_NAME)";
				TEST_TARGET_NAME = HMineral;
				USES_XCTRUNNER = YES;
			};
			name = Debug;
		};
		A86B8BE51C53AFA20034A081 /* Release */ = {
			isa = XCBuildConfiguration;
			buildSettings = {
				INFOPLIST_FILE = HMineralUITests/Info.plist;
				LD_RUNPATH_SEARCH_PATHS = "$(inherited) @executable_path/Frameworks @loader_path/Frameworks";
				PRODUCT_BUNDLE_IDENTIFIER = irem.HMineralUITests;
				PRODUCT_NAME = "$(TARGET_NAME)";
				TEST_TARGET_NAME = HMineral;
				USES_XCTRUNNER = YES;
			};
			name = Release;
		};
/* End XCBuildConfiguration section */

/* Begin XCConfigurationList section */
		A86B8BAB1C53AFA10034A081 /* Build configuration list for PBXProject "HMineral" */ = {
			isa = XCConfigurationList;
			buildConfigurations = (
				A86B8BDB1C53AFA20034A081 /* Debug */,
				A86B8BDC1C53AFA20034A081 /* Release */,
			);
			defaultConfigurationIsVisible = 0;
			defaultConfigurationName = Release;
		};
		A86B8BDD1C53AFA20034A081 /* Build configuration list for PBXNativeTarget "HMineral" */ = {
			isa = XCConfigurationList;
			buildConfigurations = (
				A86B8BDE1C53AFA20034A081 /* Debug */,
				A86B8BDF1C53AFA20034A081 /* Release */,
			);
			defaultConfigurationIsVisible = 0;
			defaultConfigurationName = Release;
		};
		A86B8BE01C53AFA20034A081 /* Build configuration list for PBXNativeTarget "HMineralTests" */ = {
			isa = XCConfigurationList;
			buildConfigurations = (
				A86B8BE11C53AFA20034A081 /* Debug */,
				A86B8BE21C53AFA20034A081 /* Release */,
			);
			defaultConfigurationIsVisible = 0;
			defaultConfigurationName = Release;
		};
		A86B8BE31C53AFA20034A081 /* Build configuration list for PBXNativeTarget "HMineralUITests" */ = {
			isa = XCConfigurationList;
			buildConfigurations = (
				A86B8BE41C53AFA20034A081 /* Debug */,
				A86B8BE51C53AFA20034A081 /* Release */,
			);
			defaultConfigurationIsVisible = 0;
			defaultConfigurationName = Release;
		};
/* End XCConfigurationList section */
	};
	rootObject = A86B8BA81C53AFA10034A081 /* Project object */;
}
